
Microsoft Visual Studio Solution File, Format Version 12.00
# Visual Studio Version 17
VisualStudioVersion = 17.5.33530.505
MinimumVisualStudioVersion = 10.0.40219.1
Project("{FAE04EC0-301F-11D3-BF4B-00C04F79EFBC}") = "Job_vacancy_app", "Job_vacancy_app\Job_vacancy_app.csproj", "{003A95EE-1AD0-42D8-9F9D-A5D328FDA866}"
EndProject
Global
	GlobalSection(SolutionConfigurationPlatforms) = preSolution
		Debug|Any CPU = Debug|Any CPU
		Release|Any CPU = Release|Any CPU
	EndGlobalSection
	GlobalSection(ProjectConfigurationPlatforms) = postSolution
		{003A95EE-1AD0-42D8-9F9D-A5D328FDA866}.Debug|Any CPU.ActiveCfg = Debug|Any CPU
		{003A95EE-1AD0-42D8-9F9D-A5D328FDA866}.Debug|Any CPU.Build.0 = Debug|Any CPU
		{003A95EE-1AD0-42D8-9F9D-A5D328FDA866}.Release|Any CPU.ActiveCfg = Release|Any CPU
		{003A95EE-1AD0-42D8-9F9D-A5D328FDA866}.Release|Any CPU.Build.0 = Release|Any CPU
	EndGlobalSection
	GlobalSection(SolutionProperties) = preSolution
		HideSolutionNode = FALSE
	EndGlobalSection
	GlobalSection(ExtensibilityGlobals) = postSolution
		SolutionGuid = {61368FB3-F881-4136-BF07-CEE1AF3179ED}
	EndGlobalSection
EndGlobal
